
Microsoft Visual Studio Solution File, Format Version 12.00
# Visual Studio Version 17
VisualStudioVersion = 17.4.33103.184
MinimumVisualStudioVersion = 10.0.40219.1
Project("{FAE04EC0-301F-11D3-BF4B-00C04F79EFBC}") = "Administracion de Taller", "Administracion de Taller.csproj", "{99FFE88A-A9CF-4512-8846-BA444C9BD904}"
EndProject
Global
	GlobalSection(SolutionConfigurationPlatforms) = preSolution
		Debug|Any CPU = Debug|Any CPU
		Release|Any CPU = Release|Any CPU
	EndGlobalSection
	GlobalSection(ProjectConfigurationPlatforms) = postSolution
		{99FFE88A-A9CF-4512-8846-BA444C9BD904}.Debug|Any CPU.ActiveCfg = Debug|Any CPU
		{99FFE88A-A9CF-4512-8846-BA444C9BD904}.Debug|Any CPU.Build.0 = Debug|Any CPU
		{99FFE88A-A9CF-4512-8846-BA444C9BD904}.Release|Any CPU.ActiveCfg = Release|Any CPU
		{99FFE88A-A9CF-4512-8846-BA444C9BD904}.Release|Any CPU.Build.0 = Release|Any CPU
	EndGlobalSection
	GlobalSection(SolutionProperties) = preSolution
		HideSolutionNode = FALSE
	EndGlobalSection
	GlobalSection(ExtensibilityGlobals) = postSolution
		SolutionGuid = {98202940-5395-4EF4-A0F4-EF5E15246FAE}
	EndGlobalSection
EndGlobal
